{
  "pins" : [
    {
      "identity" : "geojsonkit",
      "kind" : "remoteSourceControl",
      "location" : "https://github.com/maparoni/geojsonkit.git",
      "state" : {
        "revision" : "8f1e5094a8ab8cbb020074cd4848a5804c17bab0",
        "version" : "0.5.2"
      }
    },
    {
      "identity" : "geojsonkit-turf",
      "kind" : "remoteSourceControl",
      "location" : "https://github.com/maparoni/geojsonkit-turf",
      "state" : {
        "revision" : "21452ac7ee183930325e786575d552129c21b165",
        "version" : "0.2.0"
      }
    },
    {
      "identity" : "swift-argument-parser",
      "kind" : "remoteSourceControl",
      "location" : "https://github.com/apple/swift-argument-parser",
      "state" : {
        "revision" : "8f4d2753f0e4778c76d5f05ad16c74f707390531",
        "version" : "1.2.3"
      }
    }
  ],
  "version" : 2
}
