{
  "pins" : [
    {
      "identity" : "geojsonkit",
      "kind" : "remoteSourceControl",
      "location" : "https://github.com/maparoni/geojsonkit.git",
      "state" : {
        "revision" : "8f1e5094a8ab8cbb020074cd4848a5804c17bab0",
        "version" : "0.5.2"
      }
    },
    {
      "identity" : "geojsonkit-turf",
      "kind" : "remoteSourceControl",
      "location" : "https://github.com/maparoni/geojsonkit-turf",
      "state" : {
        "revision" : "4937997370046d00a8f40dbe445280d709ec8dc4",
        "version" : "0.1.5"
      }
    },
    {
      "identity" : "swift-argument-parser",
      "kind" : "remoteSourceControl",
      "location" : "https://github.com/apple/swift-argument-parser",
      "state" : {
        "revision" : "fee6933f37fde9a5e12a1e4aeaa93fe60116ff2a",
        "version" : "1.2.2"
      }
    }
  ],
  "version" : 2
}
