{
  "pins" : [
    {
      "identity" : "geojsonkit",
      "kind" : "remoteSourceControl",
      "location" : "https://github.com/maparoni/geojsonkit.git",
      "state" : {
        "revision" : "a5aabe3a1edddbcf14b49b3fa5be1ddd48dff7c8",
        "version" : "0.6.0"
      }
    },
    {
      "identity" : "geojsonkit-turf",
      "kind" : "remoteSourceControl",
      "location" : "https://github.com/maparoni/geojsonkit-turf",
      "state" : {
        "revision" : "99c542f4c3c105caa9567c61fd8036e94e07df05",
        "version" : "0.4.1"
      }
    },
    {
      "identity" : "swift-argument-parser",
      "kind" : "remoteSourceControl",
      "location" : "https://github.com/apple/swift-argument-parser",
      "state" : {
        "revision" : "41982a3656a71c768319979febd796c6fd111d5c",
        "version" : "1.5.0"
      }
    }
  ],
  "version" : 2
}
